
Microsoft Visual Studio Solution File, Format Version 12.00
# Visual Studio Version 17
VisualStudioVersion = 17.8.34408.163
MinimumVisualStudioVersion = 10.0.40219.1
Project("{9A19103F-16F7-4668-BE54-9A1E7A4F7556}") = "Luke.Tabs", "Luke.Tabs\Luke.Tabs.csproj", "{EF65D003-9948-4E41-B6BC-AFC72B3DFB77}"
EndProject
Project("{9A19103F-16F7-4668-BE54-9A1E7A4F7556}") = "DemoApp", "DemoApp\DemoApp.csproj", "{B9C17009-57B7-4932-B4B7-362B6D6475F8}"
EndProject
Project("{FAE04EC0-301F-11D3-BF4B-00C04F79EFBC}") = "DemoApp2", "DemoApp2\DemoApp2.csproj", "{0171B5A6-37D6-4D5A-9A19-F9616A151CC1}"
EndProject
Global
	GlobalSection(SolutionConfigurationPlatforms) = preSolution
		Debug|Any CPU = Debug|Any CPU
		Release|Any CPU = Release|Any CPU
	EndGlobalSection
	GlobalSection(ProjectConfigurationPlatforms) = postSolution
		{EF65D003-9948-4E41-B6BC-AFC72B3DFB77}.Debug|Any CPU.ActiveCfg = Debug|Any CPU
		{EF65D003-9948-4E41-B6BC-AFC72B3DFB77}.Debug|Any CPU.Build.0 = Debug|Any CPU
		{EF65D003-9948-4E41-B6BC-AFC72B3DFB77}.Release|Any CPU.ActiveCfg = Release|Any CPU
		{EF65D003-9948-4E41-B6BC-AFC72B3DFB77}.Release|Any CPU.Build.0 = Release|Any CPU
		{B9C17009-57B7-4932-B4B7-362B6D6475F8}.Debug|Any CPU.ActiveCfg = Debug|Any CPU
		{B9C17009-57B7-4932-B4B7-362B6D6475F8}.Debug|Any CPU.Build.0 = Debug|Any CPU
		{B9C17009-57B7-4932-B4B7-362B6D6475F8}.Debug|Any CPU.Deploy.0 = Debug|Any CPU
		{B9C17009-57B7-4932-B4B7-362B6D6475F8}.Release|Any CPU.ActiveCfg = Release|Any CPU
		{B9C17009-57B7-4932-B4B7-362B6D6475F8}.Release|Any CPU.Build.0 = Release|Any CPU
		{B9C17009-57B7-4932-B4B7-362B6D6475F8}.Release|Any CPU.Deploy.0 = Release|Any CPU
		{0171B5A6-37D6-4D5A-9A19-F9616A151CC1}.Debug|Any CPU.ActiveCfg = Debug|Any CPU
		{0171B5A6-37D6-4D5A-9A19-F9616A151CC1}.Debug|Any CPU.Build.0 = Debug|Any CPU
		{0171B5A6-37D6-4D5A-9A19-F9616A151CC1}.Debug|Any CPU.Deploy.0 = Debug|Any CPU
		{0171B5A6-37D6-4D5A-9A19-F9616A151CC1}.Release|Any CPU.ActiveCfg = Release|Any CPU
		{0171B5A6-37D6-4D5A-9A19-F9616A151CC1}.Release|Any CPU.Build.0 = Release|Any CPU
		{0171B5A6-37D6-4D5A-9A19-F9616A151CC1}.Release|Any CPU.Deploy.0 = Release|Any CPU
	EndGlobalSection
	GlobalSection(SolutionProperties) = preSolution
		HideSolutionNode = FALSE
	EndGlobalSection
	GlobalSection(ExtensibilityGlobals) = postSolution
		SolutionGuid = {98152882-0985-4D3F-B1B4-2C3466A5EF77}
	EndGlobalSection
EndGlobal
